PODS:
  - 1PasswordExtension (1.8.2)
  - Alamofire (3.2.1)
  - AnimatedSegmentSwitch (0.1.0)
  - Armchair (0.1.1)
  - AvePurchaseButton (1.0.3)
  - BEMCheckBox (1.2.1)
  - BEMSimpleLineGraph (4.1)
  - BTNavigationDropdownMenu (0.3)
  - CardIO (5.3.2)
  - CellAnimator (0.1.3)
  - CountryPicker (1.2.3)
  - Crashlytics (3.7.1):
    - Fabric (~> 1.6.3)
  - CWStatusBarNotification (2.3.4)
  - DGElasticPullToRefresh (1.0.3)
  - DKCircleButton (1.1)
  - DynamicColor (2.4.0)
  - DZNEmptyDataSet (1.8.1)
  - EasyTipView (0.2.0)
  - EmitterKit (4.0.2)
  - Fabric (1.6.7)
  - FlagKit (1.0.7)
  - Former (1.3.0)
  - GaugeKit (0.3.2)
  - Gecco (0.2.0)
  - ImagePicker (1.3.0)
  - JGProgressHUD (1.3.2)
  - JSSAlertView (1.1.5)
  - JVFloatLabeledTextField (1.1.0)
  - KeychainSwift (3.0.16)
  - KMPlaceholderTextView (1.2.0)
  - LTMorphingLabel (0.2.0)
  - M13Checkbox (2.1.2)
  - MCMHeaderAnimated (0.1.0)
  - MCSwipeTableViewCell (2.1.4)
  - Money (1.7.0):
    - ValueCoding
  - MTZWhatsNew (1.1)
  - MZAppearance (1.1.6)
  - MZFormSheetPresentationController (2.4.0):
    - MZAppearance
  - PasscodeLock (1.0.2)
  - PermissionScope (1.0.2)
  - plaid-ios-link (0.1.1):
    - plaid-ios-sdk
  - plaid-ios-sdk (0.3.6)
  - QRCode (0.5)
  - SCLAlertView (0.5.8)
  - SFDraggableDialogView (1.1.4)
  - Shimmer (1.0.2)
  - SnapKit (0.21.0)
  - StepSlider (0.1.2)
  - Stripe (7.0.2)
  - SwiftyJSON (2.3.2)
  - TextFieldEffects (1.2.0)
  - TransitionAnimation (3.0.4):
    - TransitionTreasury (~> 3.0)
  - TransitionTreasury (3.0.4)
  - UIColor_Hex_Swift (2.1)
  - UICountingLabel (1.4.0)
  - UIScrollView-InfiniteScroll (0.7.3)
  - ValueCoding (1.3.0)
  - VMaskTextField (1.0.8)
  - Whisper (3.0.0)
  - XLActionController (2.0.0):
    - XLActionController/Core (= 2.0.0)
  - XLActionController/Core (2.0.0)

DEPENDENCIES:
  - 1PasswordExtension
  - Alamofire (~> 3.2.1)
  - AnimatedSegmentSwitch
  - Armchair
  - AvePurchaseButton
  - BEMCheckBox
  - BEMSimpleLineGraph
  - BTNavigationDropdownMenu
  - CardIO
  - CellAnimator
  - CountryPicker
  - Crashlytics
  - CWStatusBarNotification
  - DGElasticPullToRefresh
  - DKCircleButton
  - DynamicColor
  - DZNEmptyDataSet
  - EasyTipView
  - EmitterKit
  - Fabric
  - FlagKit
  - Former
  - GaugeKit
  - Gecco
  - ImagePicker
  - JGProgressHUD
  - JSSAlertView
  - JVFloatLabeledTextField
  - KeychainSwift
  - KMPlaceholderTextView
  - LTMorphingLabel
  - M13Checkbox
  - MCMHeaderAnimated
  - MCSwipeTableViewCell
  - Money
  - MTZWhatsNew
  - MZFormSheetPresentationController
  - PasscodeLock
  - PermissionScope
  - plaid-ios-link
  - plaid-ios-sdk
  - QRCode
  - SCLAlertView
  - SFDraggableDialogView
  - Shimmer
  - SnapKit
  - StepSlider
  - Stripe
  - SwiftyJSON (from `https://github.com/SwiftyJSON/SwiftyJSON.git`)
  - TextFieldEffects
  - TransitionAnimation
  - TransitionTreasury
  - UIColor_Hex_Swift
  - UICountingLabel
  - UIScrollView-InfiniteScroll
  - VMaskTextField
  - Whisper
  - XLActionController

EXTERNAL SOURCES:
  SwiftyJSON:
    :git: https://github.com/SwiftyJSON/SwiftyJSON.git

CHECKOUT OPTIONS:
  SwiftyJSON:
    :commit: 73670b94292b8d8496c398a973f56ac67789ba9f
    :git: https://github.com/SwiftyJSON/SwiftyJSON.git

SPEC CHECKSUMS:
  1PasswordExtension: 303f2b7bbf6dc19ede3090bd6b5987530648d687
  Alamofire: f11d8624a05f5d39e0c99309b3e600a3ba64298a
  AnimatedSegmentSwitch: 7bc126b7b433f4a1b4fb6546abe405cd4b5163ae
  Armchair: 276f0dadba704b562870613301bdf7b595a29315
  AvePurchaseButton: 325c181105409b744129e4b6808895a15545caa6
  BEMCheckBox: 264b8b72aa92adbfefa265cc58a0cdb86b207b9f
  BEMSimpleLineGraph: 44fd451f27f8e9cf96f2da5bea27603093576dd1
  BTNavigationDropdownMenu: c36d20785253699046fdd295698c24b1d1c18f53
  CardIO: 92c45caef0d986c4a303a7afba0c9b76ff2b1f6e
  CellAnimator: dfba32e8223bbc1e0d4e16524eb51f475082501b
  CountryPicker: 6f166e2f1cc250f07eba4c587fbe1c0efc21049b
  Crashlytics: 3cdd4c9655be68032a0cf0379e0fb5ef6af22cad
  CWStatusBarNotification: 3fec41edcb0ae3677d9febfcb9632d8bdf52294c
  DGElasticPullToRefresh: 040f39ae69840b3261d163fe6735c5901bf851e9
  DKCircleButton: 62564c9debae08ad77dabb8d9658dfeb5520f2c4
  DynamicColor: 2f3fd61053684667bad9f03045dcf9a2a5a007ea
  DZNEmptyDataSet: 9525833b9e68ac21c30253e1d3d7076cc828eaa7
  EasyTipView: e8e64a53438b3ef845f5aae39b5758e16079b6db
  EmitterKit: ac0dced2291745a6dd299a150665e1b3f0844a32
  Fabric: caf7580c725e64db144f610ac65cd60956911dc7
  FlagKit: dffc62b4c5db33043c89bbda0bda897077d521e5
  Former: 7380ef3b9bdb3bf43d9f0fe99e369987d3068705
  GaugeKit: 4d5c3491521ed2d6e2f83cac5f51d0cd09db8989
  Gecco: 27ab0f43da3f8e844771cf641992afdd1ea09c62
  ImagePicker: ed649bfeb850b2b8715c9e95a35725c730b5f627
  JGProgressHUD: ccac0ead9b771eac0ebcc2b0800efd7f1e1784dc
  JSSAlertView: 1ff5d4dcb28b00a38c0293c4c555231c02590be1
  JVFloatLabeledTextField: ea4a3d8387ddd43724c472bb2b8ab39b79af05d4
  KeychainSwift: a5bb85cd498ce2217b55e055ec59e9268d83384c
  KMPlaceholderTextView: cae8ee889bd38d20587eee6b2623b8218f31b8f5
  LTMorphingLabel: 490aa8e079f9247c7f3130f7d4b1be1d66677377
  M13Checkbox: fbc53145e3ca8ecd1c444a76439bdc0ddb17b008
  MCMHeaderAnimated: eae2bd981f3d57b35c64a202f288afb441900a9c
  MCSwipeTableViewCell: 1b303e16c3a26b1982f3a68386e9b8c5fc8344c3
  Money: f46c3c8fcaf7afa35f2ee3edaeba58335fd5b669
  MTZWhatsNew: 76e8e2b1a21b1550594a66e04231f5566a70a04f
  MZAppearance: 0c06d3fa9cc55142f1da14bc8631fbe8fd6e19d5
  MZFormSheetPresentationController: 3b9b6d76adc9f81c2defd0bb59e0f3dc2431e41e
  PasscodeLock: 4ae42c094224a01de3773fcd69ae33886394d959
  PermissionScope: 860828c5516d349b6f49e5491799cfef33c5ccc7
  plaid-ios-link: b508d0cb64007ec036c98ff7f2f0ec1913e8467b
  plaid-ios-sdk: e9865b0fe6a79b3d30d886171d7a26f7e1408935
  QRCode: a249ed747aeb0f4bf5f9c58b5b001b6b3bc80073
  SCLAlertView: 653e84d1f9fd95333bc54671fbadb7d0c47fce49
  SFDraggableDialogView: cfe9b80b5fff19f7e0fda86dcabee8b03a4c3b44
  Shimmer: c5374be1c2b0c9e292fb05b339a513cf291cac86
  SnapKit: 2756fe24b706367af224c9c508d2f9166d03354c
  StepSlider: 54466ab1de9002435b6839091f97ff62967fdd7e
  Stripe: d1eae5522cf993590f962ac1829a56c2096cf486
  SwiftyJSON: 04ccea08915aa0109039157c7974cf0298da292a
  TextFieldEffects: bc4fd3bd557321bd61a0762f3f50965477a36f62
  TransitionAnimation: d761c1a338f5333f4b02a184935e61a8dc14d0e4
  TransitionTreasury: 7228b7758ba4b742e152a198dbe6ca1e46b43949
  UIColor_Hex_Swift: e91dc51f6bf252ec7bf74c8704ceedeeb7640c1c
  UICountingLabel: ed5ce5b6d5ef278ff40d99cfa49577a30ab0c87b
  UIScrollView-InfiniteScroll: b6c7d6d155dca7f9c5dd43813ecffeb301b3d50c
  ValueCoding: 9c9ed6ecdb9cc37f1a8d3fd9f5756953caf5a869
  VMaskTextField: e77fe33633f999c5c38e70bed0afece0625624a4
  Whisper: 42a3ee7c2936f861b23d41bd6cd7dfd22f102405
  XLActionController: 97ed31237413db4d9401c6a559270f4d2b4de136

COCOAPODS: 0.39.0
