// !$*UTF8*$!
{
	archiveVersion = 1;
	classes = {
	};
	objectVersion = 46;
	objects = {

/* Begin PBXBuildFile section */
		3064E8A41C742A110073E00B /* PasscodeLockConfiguration.swift in Sources */ = {isa = PBXBuildFile; fileRef = 3064E8A11C742A110073E00B /* PasscodeLockConfiguration.swift */; };
		3064E8A51C742A110073E00B /* PasscodeSettingsViewController.swift in Sources */ = {isa = PBXBuildFile; fileRef = 3064E8A21C742A110073E00B /* PasscodeSettingsViewController.swift */; };
		3064E8A61C742A110073E00B /* UserDefaultsPasscodeRepository.swift in Sources */ = {isa = PBXBuildFile; fileRef = 3064E8A31C742A110073E00B /* UserDefaultsPasscodeRepository.swift */; };
		3067D9E91C7F705E00C1418E /* KolodaBackgroundAnimationViewController.swift in Sources */ = {isa = PBXBuildFile; fileRef = 3067D9E81C7F705E00C1418E /* KolodaBackgroundAnimationViewController.swift */; };
		3067D9F01C7F716E00C1418E /* KolodaCustomView.swift in Sources */ = {isa = PBXBuildFile; fileRef = 3067D9EE1C7F716E00C1418E /* KolodaCustomView.swift */; };
		3067D9F11C7F716E00C1418E /* KolodaOverlayView.swift in Sources */ = {isa = PBXBuildFile; fileRef = 3067D9EF1C7F716E00C1418E /* KolodaOverlayView.swift */; };
		3067D9F71C7F766D00C1418E /* KolodaCustomOverlayView.xib in Resources */ = {isa = PBXBuildFile; fileRef = 3067D9F61C7F766D00C1418E /* KolodaCustomOverlayView.xib */; };
		3067D9FB1C7F7B6800C1418E /* OverlayView.xib in Resources */ = {isa = PBXBuildFile; fileRef = 3067D9FA1C7F7B6800C1418E /* OverlayView.xib */; };
		306D6DBB1C7008DA00467C41 /* Nunito-Black.ttf in Resources */ = {isa = PBXBuildFile; fileRef = 306D6DB31C7008DA00467C41 /* Nunito-Black.ttf */; };
		306D6DBC1C7008DA00467C41 /* Nunito-Bold.ttf in Resources */ = {isa = PBXBuildFile; fileRef = 306D6DB41C7008DA00467C41 /* Nunito-Bold.ttf */; };
		306D6DBD1C7008DA00467C41 /* Nunito-ExtraBold.ttf in Resources */ = {isa = PBXBuildFile; fileRef = 306D6DB51C7008DA00467C41 /* Nunito-ExtraBold.ttf */; };
		306D6DBE1C7008DA00467C41 /* Nunito-ExtraLight.ttf in Resources */ = {isa = PBXBuildFile; fileRef = 306D6DB61C7008DA00467C41 /* Nunito-ExtraLight.ttf */; };
		306D6DBF1C7008DA00467C41 /* Nunito-Light.ttf in Resources */ = {isa = PBXBuildFile; fileRef = 306D6DB71C7008DA00467C41 /* Nunito-Light.ttf */; };
		306D6DC01C7008DA00467C41 /* Nunito-Medium.ttf in Resources */ = {isa = PBXBuildFile; fileRef = 306D6DB81C7008DA00467C41 /* Nunito-Medium.ttf */; };
		306D6DC11C7008DA00467C41 /* Nunito-Regular.ttf in Resources */ = {isa = PBXBuildFile; fileRef = 306D6DB91C7008DA00467C41 /* Nunito-Regular.ttf */; };
		306D6DC21C7008DA00467C41 /* Nunito-SemiBold.ttf in Resources */ = {isa = PBXBuildFile; fileRef = 306D6DBA1C7008DA00467C41 /* Nunito-SemiBold.ttf */; };
		3072653B1C72D88F00D2AF61 /* PresentedTableViewController.swift in Sources */ = {isa = PBXBuildFile; fileRef = 3072653A1C72D88F00D2AF61 /* PresentedTableViewController.swift */; };
		3072653D1C73B63200D2AF61 /* TermsViewController.swift in Sources */ = {isa = PBXBuildFile; fileRef = 3072653C1C73B63200D2AF61 /* TermsViewController.swift */; };
		307C6A201C7D40A500723E39 /* SignupViewControllerFour.swift in Sources */ = {isa = PBXBuildFile; fileRef = 307C6A1F1C7D40A500723E39 /* SignupViewControllerFour.swift */; };
		307C6A221C7E91A100723E39 /* StoreKit.framework in Frameworks */ = {isa = PBXBuildFile; fileRef = 307C6A211C7E91A100723E39 /* StoreKit.framework */; };
		307C6A241C7E91AA00723E39 /* PassKit.framework in Frameworks */ = {isa = PBXBuildFile; fileRef = 307C6A231C7E91AA00723E39 /* PassKit.framework */; };
		307C6A261C7F62B000723E39 /* SlidesViewController.swift in Sources */ = {isa = PBXBuildFile; fileRef = 307C6A251C7F62B000723E39 /* SlidesViewController.swift */; };
		30975C671C7040E300D2BDAA /* nyc.mp4 in Resources */ = {isa = PBXBuildFile; fileRef = 30975C661C7040E300D2BDAA /* nyc.mp4 */; };
		3099CB6F1C70D69D000CEDE2 /* Auth.storyboard in Resources */ = {isa = PBXBuildFile; fileRef = 3099CB6E1C70D69D000CEDE2 /* Auth.storyboard */; };
		30B9E7CD1C7B519200C04530 /* Timeout.swift in Sources */ = {isa = PBXBuildFile; fileRef = 30B9E7CC1C7B519100C04530 /* Timeout.swift */; };
		30B9E7CF1C7B52F100C04530 /* SignupViewControllerThree.swift in Sources */ = {isa = PBXBuildFile; fileRef = 30B9E7CE1C7B52F100C04530 /* SignupViewControllerThree.swift */; };
		30B9E7D71C7B928100C04530 /* CountryPicker.swift in Sources */ = {isa = PBXBuildFile; fileRef = 30B9E7D41C7B928100C04530 /* CountryPicker.swift */; };
		30B9E7D81C7B928100C04530 /* CountryView.swift in Sources */ = {isa = PBXBuildFile; fileRef = 30B9E7D51C7B928100C04530 /* CountryView.swift */; };
		30B9E7D91C7B928100C04530 /* CountryView.xib in Resources */ = {isa = PBXBuildFile; fileRef = 30B9E7D61C7B928100C04530 /* CountryView.xib */; };
		30B9E7DB1C7BC9FB00C04530 /* SignupViewControllerZero.swift in Sources */ = {isa = PBXBuildFile; fileRef = 30B9E7DA1C7BC9FB00C04530 /* SignupViewControllerZero.swift */; };
		30B9E7DD1C7C9B0F00C04530 /* ResetPasswordViewController.swift in Sources */ = {isa = PBXBuildFile; fileRef = 30B9E7DC1C7C9B0F00C04530 /* ResetPasswordViewController.swift */; };
		30BECBDA1C6E9FF200B8A088 /* AppDelegate.swift in Sources */ = {isa = PBXBuildFile; fileRef = 30BECBCC1C6E9FF200B8A088 /* AppDelegate.swift */; };
		30BECBDB1C6E9FF200B8A088 /* Extensions.swift in Sources */ = {isa = PBXBuildFile; fileRef = 30BECBCD1C6E9FF200B8A088 /* Extensions.swift */; };
		30BECBDC1C6E9FF200B8A088 /* HomeViewController.swift in Sources */ = {isa = PBXBuildFile; fileRef = 30BECBCE1C6E9FF200B8A088 /* HomeViewController.swift */; };
		30BECBDD1C6E9FF200B8A088 /* LaunchScreen.storyboard in Resources */ = {isa = PBXBuildFile; fileRef = 30BECBCF1C6E9FF200B8A088 /* LaunchScreen.storyboard */; };
		30BECBDE1C6E9FF200B8A088 /* LeftMenuViewController.swift in Sources */ = {isa = PBXBuildFile; fileRef = 30BECBD01C6E9FF200B8A088 /* LeftMenuViewController.swift */; };
		30BECBDF1C6E9FF200B8A088 /* LoginViewController.swift in Sources */ = {isa = PBXBuildFile; fileRef = 30BECBD11C6E9FF200B8A088 /* LoginViewController.swift */; };
		30BECBE01C6E9FF200B8A088 /* Logs.swift in Sources */ = {isa = PBXBuildFile; fileRef = 30BECBD21C6E9FF200B8A088 /* Logs.swift */; };
		30BECBE11C6E9FF200B8A088 /* Paths.swift in Sources */ = {isa = PBXBuildFile; fileRef = 30BECBD31C6E9FF200B8A088 /* Paths.swift */; };
		30BECBE31C6E9FF200B8A088 /* PaymentViewController.swift in Sources */ = {isa = PBXBuildFile; fileRef = 30BECBD51C6E9FF200B8A088 /* PaymentViewController.swift */; };
		30BECBE41C6E9FF200B8A088 /* RootViewController.swift in Sources */ = {isa = PBXBuildFile; fileRef = 30BECBD61C6E9FF200B8A088 /* RootViewController.swift */; };
		30BECBE51C6E9FF200B8A088 /* SettingsViewController.swift in Sources */ = {isa = PBXBuildFile; fileRef = 30BECBD71C6E9FF200B8A088 /* SettingsViewController.swift */; };
		30BECBE71C6E9FF200B8A088 /* StarButton.swift in Sources */ = {isa = PBXBuildFile; fileRef = 30BECBD91C6E9FF200B8A088 /* StarButton.swift */; };
		30BECBEB1C6EA02800B8A088 /* Main.storyboard in Resources */ = {isa = PBXBuildFile; fileRef = 30BECBE91C6EA02800B8A088 /* Main.storyboard */; };
		30BECBF91C6EA5C600B8A088 /* paykloud_iosTests.swift in Sources */ = {isa = PBXBuildFile; fileRef = 30BECBF81C6EA5C600B8A088 /* paykloud_iosTests.swift */; };
		30BECBFB1C6EA5D100B8A088 /* paykloud_iosTests.swift in Sources */ = {isa = PBXBuildFile; fileRef = 30BECBFA1C6EA5D100B8A088 /* paykloud_iosTests.swift */; };
		30BECBFF1C6EA6EC00B8A088 /* Assets.xcassets in Resources */ = {isa = PBXBuildFile; fileRef = 30BECBFE1C6EA6EC00B8A088 /* Assets.xcassets */; };
		30BECC011C6F71B500B8A088 /* ProfileViewController.swift in Sources */ = {isa = PBXBuildFile; fileRef = 30BECC001C6F71B500B8A088 /* ProfileViewController.swift */; };
		30BECC031C6F778B00B8A088 /* Gravatar.swift in Sources */ = {isa = PBXBuildFile; fileRef = 30BECC021C6F778B00B8A088 /* Gravatar.swift */; };
		30D7B7311C77883500B64B7F /* SignupViewControllerOne.swift in Sources */ = {isa = PBXBuildFile; fileRef = 30D7B7301C77883500B64B7F /* SignupViewControllerOne.swift */; };
		30D7B7331C77884600B64B7F /* AuthViewController.swift in Sources */ = {isa = PBXBuildFile; fileRef = 30D7B7321C77884600B64B7F /* AuthViewController.swift */; };
		30D7B7351C78F96500B64B7F /* SignupViewControllerTwo.swift in Sources */ = {isa = PBXBuildFile; fileRef = 30D7B7341C78F96500B64B7F /* SignupViewControllerTwo.swift */; };
		8E723A7E4D0FB354304689B7 /* Pods.framework in Frameworks */ = {isa = PBXBuildFile; fileRef = A1AC01881780C6537201E7C5 /* Pods.framework */; };
/* End PBXBuildFile section */

/* Begin PBXContainerItemProxy section */
		30FB541F1C6A58B40004A538 /* PBXContainerItemProxy */ = {
			isa = PBXContainerItemProxy;
			containerPortal = 30FB54021C6A58B40004A538 /* Project object */;
			proxyType = 1;
			remoteGlobalIDString = 30FB54091C6A58B40004A538;
			remoteInfo = "timekloud-ios";
		};
		30FB542A1C6A58B40004A538 /* PBXContainerItemProxy */ = {
			isa = PBXContainerItemProxy;
			containerPortal = 30FB54021C6A58B40004A538 /* Project object */;
			proxyType = 1;
			remoteGlobalIDString = 30FB54091C6A58B40004A538;
			remoteInfo = "timekloud-ios";
		};
/* End PBXContainerItemProxy section */

/* Begin PBXFileReference section */
		3064E8A11C742A110073E00B /* PasscodeLockConfiguration.swift */ = {isa = PBXFileReference; fileEncoding = 4; lastKnownFileType = sourcecode.swift; name = PasscodeLockConfiguration.swift; path = "paykloud-ios/passcode/PasscodeLockConfiguration.swift"; sourceTree = SOURCE_ROOT; };
		3064E8A21C742A110073E00B /* PasscodeSettingsViewController.swift */ = {isa = PBXFileReference; fileEncoding = 4; lastKnownFileType = sourcecode.swift; name = PasscodeSettingsViewController.swift; path = "paykloud-ios/passcode/PasscodeSettingsViewController.swift"; sourceTree = SOURCE_ROOT; };
		3064E8A31C742A110073E00B /* UserDefaultsPasscodeRepository.swift */ = {isa = PBXFileReference; fileEncoding = 4; lastKnownFileType = sourcecode.swift; name = UserDefaultsPasscodeRepository.swift; path = "paykloud-ios/passcode/UserDefaultsPasscodeRepository.swift"; sourceTree = SOURCE_ROOT; };
		3067D9E81C7F705E00C1418E /* KolodaBackgroundAnimationViewController.swift */ = {isa = PBXFileReference; fileEncoding = 4; lastKnownFileType = sourcecode.swift; name = KolodaBackgroundAnimationViewController.swift; path = "paykloud-ios/KolodaBackgroundAnimationViewController.swift"; sourceTree = SOURCE_ROOT; };
		3067D9EE1C7F716E00C1418E /* KolodaCustomView.swift */ = {isa = PBXFileReference; fileEncoding = 4; lastKnownFileType = sourcecode.swift; name = KolodaCustomView.swift; path = "paykloud-ios/KolodaCustomView.swift"; sourceTree = SOURCE_ROOT; };
		3067D9EF1C7F716E00C1418E /* KolodaOverlayView.swift */ = {isa = PBXFileReference; fileEncoding = 4; lastKnownFileType = sourcecode.swift; name = KolodaOverlayView.swift; path = "paykloud-ios/KolodaOverlayView.swift"; sourceTree = SOURCE_ROOT; };
		3067D9F61C7F766D00C1418E /* KolodaCustomOverlayView.xib */ = {isa = PBXFileReference; fileEncoding = 4; lastKnownFileType = file.xib; name = KolodaCustomOverlayView.xib; path = "paykloud-ios/KolodaCustomOverlayView.xib"; sourceTree = SOURCE_ROOT; };
		3067D9FA1C7F7B6800C1418E /* OverlayView.xib */ = {isa = PBXFileReference; fileEncoding = 4; lastKnownFileType = file.xib; name = OverlayView.xib; path = "paykloud-ios/OverlayView.xib"; sourceTree = SOURCE_ROOT; };
		306D6DB31C7008DA00467C41 /* Nunito-Black.ttf */ = {isa = PBXFileReference; lastKnownFileType = file; path = "Nunito-Black.ttf"; sourceTree = "<group>"; };
		306D6DB41C7008DA00467C41 /* Nunito-Bold.ttf */ = {isa = PBXFileReference; lastKnownFileType = file; path = "Nunito-Bold.ttf"; sourceTree = "<group>"; };
		306D6DB51C7008DA00467C41 /* Nunito-ExtraBold.ttf */ = {isa = PBXFileReference; lastKnownFileType = file; path = "Nunito-ExtraBold.ttf"; sourceTree = "<group>"; };
		306D6DB61C7008DA00467C41 /* Nunito-ExtraLight.ttf */ = {isa = PBXFileReference; lastKnownFileType = file; path = "Nunito-ExtraLight.ttf"; sourceTree = "<group>"; };
		306D6DB71C7008DA00467C41 /* Nunito-Light.ttf */ = {isa = PBXFileReference; lastKnownFileType = file; path = "Nunito-Light.ttf"; sourceTree = "<group>"; };
		306D6DB81C7008DA00467C41 /* Nunito-Medium.ttf */ = {isa = PBXFileReference; lastKnownFileType = file; path = "Nunito-Medium.ttf"; sourceTree = "<group>"; };
		306D6DB91C7008DA00467C41 /* Nunito-Regular.ttf */ = {isa = PBXFileReference; lastKnownFileType = file; path = "Nunito-Regular.ttf"; sourceTree = "<group>"; };
		306D6DBA1C7008DA00467C41 /* Nunito-SemiBold.ttf */ = {isa = PBXFileReference; lastKnownFileType = file; path = "Nunito-SemiBold.ttf"; sourceTree = "<group>"; };
		3072653A1C72D88F00D2AF61 /* PresentedTableViewController.swift */ = {isa = PBXFileReference; fileEncoding = 4; lastKnownFileType = sourcecode.swift; name = PresentedTableViewController.swift; path = "paykloud-ios/PresentedTableViewController.swift"; sourceTree = SOURCE_ROOT; };
		3072653C1C73B63200D2AF61 /* TermsViewController.swift */ = {isa = PBXFileReference; fileEncoding = 4; lastKnownFileType = sourcecode.swift; name = TermsViewController.swift; path = "paykloud-ios/TermsViewController.swift"; sourceTree = SOURCE_ROOT; };
		307C6A1F1C7D40A500723E39 /* SignupViewControllerFour.swift */ = {isa = PBXFileReference; fileEncoding = 4; lastKnownFileType = sourcecode.swift; name = SignupViewControllerFour.swift; path = "paykloud-ios/SignupViewControllerFour.swift"; sourceTree = SOURCE_ROOT; };
		307C6A211C7E91A100723E39 /* StoreKit.framework */ = {isa = PBXFileReference; lastKnownFileType = wrapper.framework; name = StoreKit.framework; path = System/Library/Frameworks/StoreKit.framework; sourceTree = SDKROOT; };
		307C6A231C7E91AA00723E39 /* PassKit.framework */ = {isa = PBXFileReference; lastKnownFileType = wrapper.framework; name = PassKit.framework; path = System/Library/Frameworks/PassKit.framework; sourceTree = SDKROOT; };
		307C6A251C7F62B000723E39 /* SlidesViewController.swift */ = {isa = PBXFileReference; fileEncoding = 4; lastKnownFileType = sourcecode.swift; name = SlidesViewController.swift; path = "paykloud-ios/SlidesViewController.swift"; sourceTree = SOURCE_ROOT; };
		30852D781C6E9ADF00CDCAA2 /* PayKloud.entitlements */ = {isa = PBXFileReference; lastKnownFileType = text.xml; name = PayKloud.entitlements; path = "paykloud-ios/PayKloud.entitlements"; sourceTree = SOURCE_ROOT; };
		30975C661C7040E300D2BDAA /* nyc.mp4 */ = {isa = PBXFileReference; lastKnownFileType = file; name = nyc.mp4; path = "paykloud-ios/videos/nyc.mp4"; sourceTree = SOURCE_ROOT; };
		3099CB6E1C70D69D000CEDE2 /* Auth.storyboard */ = {isa = PBXFileReference; fileEncoding = 4; lastKnownFileType = file.storyboard; name = Auth.storyboard; path = "paykloud-ios/Auth.storyboard"; sourceTree = SOURCE_ROOT; };
		30B9E7CC1C7B519100C04530 /* Timeout.swift */ = {isa = PBXFileReference; fileEncoding = 4; lastKnownFileType = sourcecode.swift; name = Timeout.swift; path = "paykloud-ios/Timeout.swift"; sourceTree = SOURCE_ROOT; };
		30B9E7CE1C7B52F100C04530 /* SignupViewControllerThree.swift */ = {isa = PBXFileReference; fileEncoding = 4; lastKnownFileType = sourcecode.swift; name = SignupViewControllerThree.swift; path = "paykloud-ios/SignupViewControllerThree.swift"; sourceTree = SOURCE_ROOT; };
		30B9E7D41C7B928100C04530 /* CountryPicker.swift */ = {isa = PBXFileReference; fileEncoding = 4; lastKnownFileType = sourcecode.swift; name = CountryPicker.swift; path = "paykloud-ios/countries/CountryPicker.swift"; sourceTree = SOURCE_ROOT; };
		30B9E7D51C7B928100C04530 /* CountryView.swift */ = {isa = PBXFileReference; fileEncoding = 4; lastKnownFileType = sourcecode.swift; name = CountryView.swift; path = "paykloud-ios/countries/CountryView.swift"; sourceTree = SOURCE_ROOT; };
		30B9E7D61C7B928100C04530 /* CountryView.xib */ = {isa = PBXFileReference; fileEncoding = 4; lastKnownFileType = file.xib; name = CountryView.xib; path = "paykloud-ios/countries/CountryView.xib"; sourceTree = SOURCE_ROOT; };
		30B9E7DA1C7BC9FB00C04530 /* SignupViewControllerZero.swift */ = {isa = PBXFileReference; fileEncoding = 4; lastKnownFileType = sourcecode.swift; name = SignupViewControllerZero.swift; path = "paykloud-ios/SignupViewControllerZero.swift"; sourceTree = SOURCE_ROOT; };
		30B9E7DC1C7C9B0F00C04530 /* ResetPasswordViewController.swift */ = {isa = PBXFileReference; fileEncoding = 4; lastKnownFileType = sourcecode.swift; name = ResetPasswordViewController.swift; path = "paykloud-ios/ResetPasswordViewController.swift"; sourceTree = SOURCE_ROOT; };
		30BECBCC1C6E9FF200B8A088 /* AppDelegate.swift */ = {isa = PBXFileReference; fileEncoding = 4; lastKnownFileType = sourcecode.swift; name = AppDelegate.swift; path = "paykloud-ios/AppDelegate.swift"; sourceTree = SOURCE_ROOT; };
		30BECBCD1C6E9FF200B8A088 /* Extensions.swift */ = {isa = PBXFileReference; fileEncoding = 4; lastKnownFileType = sourcecode.swift; name = Extensions.swift; path = "paykloud-ios/Extensions.swift"; sourceTree = SOURCE_ROOT; };
		30BECBCE1C6E9FF200B8A088 /* HomeViewController.swift */ = {isa = PBXFileReference; fileEncoding = 4; lastKnownFileType = sourcecode.swift; name = HomeViewController.swift; path = "paykloud-ios/HomeViewController.swift"; sourceTree = SOURCE_ROOT; };
		30BECBCF1C6E9FF200B8A088 /* LaunchScreen.storyboard */ = {isa = PBXFileReference; fileEncoding = 4; lastKnownFileType = file.storyboard; name = LaunchScreen.storyboard; path = "paykloud-ios/LaunchScreen.storyboard"; sourceTree = SOURCE_ROOT; };
		30BECBD01C6E9FF200B8A088 /* LeftMenuViewController.swift */ = {isa = PBXFileReference; fileEncoding = 4; lastKnownFileType = sourcecode.swift; name = LeftMenuViewController.swift; path = "paykloud-ios/LeftMenuViewController.swift"; sourceTree = SOURCE_ROOT; };
		30BECBD11C6E9FF200B8A088 /* LoginViewController.swift */ = {isa = PBXFileReference; fileEncoding = 4; lastKnownFileType = sourcecode.swift; name = LoginViewController.swift; path = "paykloud-ios/LoginViewController.swift"; sourceTree = SOURCE_ROOT; };
		30BECBD21C6E9FF200B8A088 /* Logs.swift */ = {isa = PBXFileReference; fileEncoding = 4; lastKnownFileType = sourcecode.swift; name = Logs.swift; path = "paykloud-ios/Logs.swift"; sourceTree = SOURCE_ROOT; };
		30BECBD31C6E9FF200B8A088 /* Paths.swift */ = {isa = PBXFileReference; fileEncoding = 4; lastKnownFileType = sourcecode.swift; name = Paths.swift; path = "paykloud-ios/Paths.swift"; sourceTree = SOURCE_ROOT; };
		30BECBD51C6E9FF200B8A088 /* PaymentViewController.swift */ = {isa = PBXFileReference; fileEncoding = 4; lastKnownFileType = sourcecode.swift; name = PaymentViewController.swift; path = "paykloud-ios/PaymentViewController.swift"; sourceTree = SOURCE_ROOT; };
		30BECBD61C6E9FF200B8A088 /* RootViewController.swift */ = {isa = PBXFileReference; fileEncoding = 4; lastKnownFileType = sourcecode.swift; name = RootViewController.swift; path = "paykloud-ios/RootViewController.swift"; sourceTree = SOURCE_ROOT; };
		30BECBD71C6E9FF200B8A088 /* SettingsViewController.swift */ = {isa = PBXFileReference; fileEncoding = 4; lastKnownFileType = sourcecode.swift; name = SettingsViewController.swift; path = "paykloud-ios/SettingsViewController.swift"; sourceTree = SOURCE_ROOT; };
		30BECBD91C6E9FF200B8A088 /* StarButton.swift */ = {isa = PBXFileReference; fileEncoding = 4; lastKnownFileType = sourcecode.swift; name = StarButton.swift; path = "paykloud-ios/StarButton.swift"; sourceTree = SOURCE_ROOT; };
		30BECBE81C6EA00F00B8A088 /* Info.plist */ = {isa = PBXFileReference; lastKnownFileType = text.plist.xml; name = Info.plist; path = "paykloud-ios/Info.plist"; sourceTree = SOURCE_ROOT; };
		30BECBEA1C6EA02800B8A088 /* Base */ = {isa = PBXFileReference; lastKnownFileType = file.storyboard; name = Base; path = "paykloud-ios/Base.lproj/Main.storyboard"; sourceTree = SOURCE_ROOT; };
		30BECBEE1C6EA07200B8A088 /* Info.plist */ = {isa = PBXFileReference; lastKnownFileType = text.plist.xml; name = Info.plist; path = "paykloud-iosTests/Info.plist"; sourceTree = SOURCE_ROOT; };
		30BECBF11C6EA08500B8A088 /* Info.plist */ = {isa = PBXFileReference; lastKnownFileType = text.plist.xml; name = Info.plist; path = "paykloud-iosUITests/Info.plist"; sourceTree = SOURCE_ROOT; };
		30BECBF81C6EA5C600B8A088 /* paykloud_iosTests.swift */ = {isa = PBXFileReference; fileEncoding = 4; lastKnownFileType = sourcecode.swift; name = paykloud_iosTests.swift; path = "paykloud-iosTests/paykloud_iosTests.swift"; sourceTree = SOURCE_ROOT; };
		30BECBFA1C6EA5D100B8A088 /* paykloud_iosTests.swift */ = {isa = PBXFileReference; fileEncoding = 4; lastKnownFileType = sourcecode.swift; name = paykloud_iosTests.swift; path = "paykloud-iosTests/paykloud_iosTests.swift"; sourceTree = SOURCE_ROOT; };
		30BECBFE1C6EA6EC00B8A088 /* Assets.xcassets */ = {isa = PBXFileReference; lastKnownFileType = folder.assetcatalog; name = Assets.xcassets; path = "paykloud-ios/Assets.xcassets"; sourceTree = SOURCE_ROOT; };
		30BECC001C6F71B500B8A088 /* ProfileViewController.swift */ = {isa = PBXFileReference; fileEncoding = 4; lastKnownFileType = sourcecode.swift; name = ProfileViewController.swift; path = "paykloud-ios/ProfileViewController.swift"; sourceTree = SOURCE_ROOT; };
		30BECC021C6F778B00B8A088 /* Gravatar.swift */ = {isa = PBXFileReference; fileEncoding = 4; lastKnownFileType = sourcecode.swift; name = Gravatar.swift; path = "paykloud-ios/Gravatar.swift"; sourceTree = SOURCE_ROOT; };
		30D7B7301C77883500B64B7F /* SignupViewControllerOne.swift */ = {isa = PBXFileReference; fileEncoding = 4; lastKnownFileType = sourcecode.swift; name = SignupViewControllerOne.swift; path = "paykloud-ios/SignupViewControllerOne.swift"; sourceTree = SOURCE_ROOT; };
		30D7B7321C77884600B64B7F /* AuthViewController.swift */ = {isa = PBXFileReference; fileEncoding = 4; lastKnownFileType = sourcecode.swift; name = AuthViewController.swift; path = "paykloud-ios/AuthViewController.swift"; sourceTree = SOURCE_ROOT; };
		30D7B7341C78F96500B64B7F /* SignupViewControllerTwo.swift */ = {isa = PBXFileReference; fileEncoding = 4; lastKnownFileType = sourcecode.swift; name = SignupViewControllerTwo.swift; path = "paykloud-ios/SignupViewControllerTwo.swift"; sourceTree = SOURCE_ROOT; };
		30FB540A1C6A58B40004A538 /* PayKloud.app */ = {isa = PBXFileReference; explicitFileType = wrapper.application; includeInIndex = 0; path = PayKloud.app; sourceTree = BUILT_PRODUCTS_DIR; };
		30FB541E1C6A58B40004A538 /* paykloud-iosTests.xctest */ = {isa = PBXFileReference; explicitFileType = wrapper.cfbundle; includeInIndex = 0; path = "paykloud-iosTests.xctest"; sourceTree = BUILT_PRODUCTS_DIR; };
		30FB54291C6A58B40004A538 /* paykloud-iosTests.xctest */ = {isa = PBXFileReference; explicitFileType = wrapper.cfbundle; includeInIndex = 0; path = "paykloud-iosTests.xctest"; sourceTree = BUILT_PRODUCTS_DIR; };
		30FB54411C6ABF6A0004A538 /* ObjC-Bridging-Header.h */ = {isa = PBXFileReference; fileEncoding = 4; lastKnownFileType = sourcecode.c.h; path = "ObjC-Bridging-Header.h"; sourceTree = "<group>"; };
		72852BFA7077A9B4E42196D9 /* Pods.debug.xcconfig */ = {isa = PBXFileReference; includeInIndex = 1; lastKnownFileType = text.xcconfig; name = Pods.debug.xcconfig; path = "Pods/Target Support Files/Pods/Pods.debug.xcconfig"; sourceTree = "<group>"; };
		A1AC01881780C6537201E7C5 /* Pods.framework */ = {isa = PBXFileReference; explicitFileType = wrapper.framework; includeInIndex = 0; path = Pods.framework; sourceTree = BUILT_PRODUCTS_DIR; };
		E0548BB1437D038D9B3DF873 /* Pods.release.xcconfig */ = {isa = PBXFileReference; includeInIndex = 1; lastKnownFileType = text.xcconfig; name = Pods.release.xcconfig; path = "Pods/Target Support Files/Pods/Pods.release.xcconfig"; sourceTree = "<group>"; };
/* End PBXFileReference section */

/* Begin PBXFrameworksBuildPhase section */
		30FB54071C6A58B40004A538 /* Frameworks */ = {
			isa = PBXFrameworksBuildPhase;
			buildActionMask = 2147483647;
			files = (
				307C6A241C7E91AA00723E39 /* PassKit.framework in Frameworks */,
				8E723A7E4D0FB354304689B7 /* Pods.framework in Frameworks */,
				307C6A221C7E91A100723E39 /* StoreKit.framework in Frameworks */,
			);
			runOnlyForDeploymentPostprocessing = 0;
		};
		30FB541B1C6A58B40004A538 /* Frameworks */ = {
			isa = PBXFrameworksBuildPhase;
			buildActionMask = 2147483647;
			files = (
			);
			runOnlyForDeploymentPostprocessing = 0;
		};
		30FB54261C6A58B40004A538 /* Frameworks */ = {
			isa = PBXFrameworksBuildPhase;
			buildActionMask = 2147483647;
			files = (
			);
			runOnlyForDeploymentPostprocessing = 0;
		};
/* End PBXFrameworksBuildPhase section */

/* Begin PBXGroup section */
		3064E8A01C742A040073E00B /* Passcode */ = {
			isa = PBXGroup;
			children = (
				3064E8A11C742A110073E00B /* PasscodeLockConfiguration.swift */,
				3064E8A21C742A110073E00B /* PasscodeSettingsViewController.swift */,
				3064E8A31C742A110073E00B /* UserDefaultsPasscodeRepository.swift */,
			);
			name = Passcode;
			sourceTree = "<group>";
		};
		3064E8A71C74D06D0073E00B /* xib */ = {
			isa = PBXGroup;
			children = (
			);
			name = xib;
			path = ..;
			sourceTree = "<group>";
		};
		306D6DB11C7008D200467C41 /* Resources */ = {
			isa = PBXGroup;
			children = (
				30975C631C7040B500D2BDAA /* videos */,
				306D6DB21C7008DA00467C41 /* fonts */,
			);
			name = Resources;
			sourceTree = "<group>";
		};
		306D6DB21C7008DA00467C41 /* fonts */ = {
			isa = PBXGroup;
			children = (
				306D6DB31C7008DA00467C41 /* Nunito-Black.ttf */,
				306D6DB41C7008DA00467C41 /* Nunito-Bold.ttf */,
				306D6DB51C7008DA00467C41 /* Nunito-ExtraBold.ttf */,
				306D6DB61C7008DA00467C41 /* Nunito-ExtraLight.ttf */,
				306D6DB71C7008DA00467C41 /* Nunito-Light.ttf */,
				306D6DB81C7008DA00467C41 /* Nunito-Medium.ttf */,
				306D6DB91C7008DA00467C41 /* Nunito-Regular.ttf */,
				306D6DBA1C7008DA00467C41 /* Nunito-SemiBold.ttf */,
			);
			name = fonts;
			path = "paykloud-ios/fonts";
			sourceTree = SOURCE_ROOT;
		};
		307265391C72B95900D2AF61 /* CountryPicker */ = {
			isa = PBXGroup;
			children = (
				30B9E7D41C7B928100C04530 /* CountryPicker.swift */,
				30B9E7D51C7B928100C04530 /* CountryView.swift */,
				30B9E7D61C7B928100C04530 /* CountryView.xib */,
			);
			name = CountryPicker;
			sourceTree = "<group>";
		};
		30975C631C7040B500D2BDAA /* videos */ = {
			isa = PBXGroup;
			children = (
				30975C661C7040E300D2BDAA /* nyc.mp4 */,
			);
			name = videos;
			sourceTree = "<group>";
		};
		30BECC041C6F92C200B8A088 /* StarButton */ = {
			isa = PBXGroup;
			children = (
				30BECBCD1C6E9FF200B8A088 /* Extensions.swift */,
				30BECBD91C6E9FF200B8A088 /* StarButton.swift */,
				30BECBD31C6E9FF200B8A088 /* Paths.swift */,
			);
			name = StarButton;
			sourceTree = "<group>";
		};
		30BECC061C6F92EF00B8A088 /* Auth */ = {
			isa = PBXGroup;
			children = (
				30D7B72F1C77880200B64B7F /* Signup */,
				3064E8A01C742A040073E00B /* Passcode */,
				30BECBD11C6E9FF200B8A088 /* LoginViewController.swift */,
				30B9E7DC1C7C9B0F00C04530 /* ResetPasswordViewController.swift */,
				3072653A1C72D88F00D2AF61 /* PresentedTableViewController.swift */,
				3072653C1C73B63200D2AF61 /* TermsViewController.swift */,
				30D7B7321C77884600B64B7F /* AuthViewController.swift */,
				3067D9EE1C7F716E00C1418E /* KolodaCustomView.swift */,
				3067D9EF1C7F716E00C1418E /* KolodaOverlayView.swift */,
				3067D9E81C7F705E00C1418E /* KolodaBackgroundAnimationViewController.swift */,
				3067D9FA1C7F7B6800C1418E /* OverlayView.xib */,
				3067D9F61C7F766D00C1418E /* KolodaCustomOverlayView.xib */,
				307C6A251C7F62B000723E39 /* SlidesViewController.swift */,
			);
			name = Auth;
			sourceTree = "<group>";
		};
		30BECC071C6F932400B8A088 /* Main */ = {
			isa = PBXGroup;
			children = (
				30BECBCE1C6E9FF200B8A088 /* HomeViewController.swift */,
				30BECBD71C6E9FF200B8A088 /* SettingsViewController.swift */,
				30BECC001C6F71B500B8A088 /* ProfileViewController.swift */,
				30BECBD51C6E9FF200B8A088 /* PaymentViewController.swift */,
			);
			name = Main;
			sourceTree = "<group>";
		};
		30BECC081C6F934A00B8A088 /* Root */ = {
			isa = PBXGroup;
			children = (
				30BECBD61C6E9FF200B8A088 /* RootViewController.swift */,
			);
			name = Root;
			sourceTree = "<group>";
		};
		30BECC091C6F935200B8A088 /* Nav */ = {
			isa = PBXGroup;
			children = (
				30BECBD01C6E9FF200B8A088 /* LeftMenuViewController.swift */,
			);
			name = Nav;
			sourceTree = "<group>";
		};
		30BECC0A1C6F936E00B8A088 /* Modules */ = {
			isa = PBXGroup;
			children = (
				30BECBD21C6E9FF200B8A088 /* Logs.swift */,
				30B9E7CC1C7B519100C04530 /* Timeout.swift */,
				30BECC021C6F778B00B8A088 /* Gravatar.swift */,
			);
			name = Modules;
			sourceTree = "<group>";
		};
		30BECC0B1C6F939800B8A088 /* Storyboards */ = {
			isa = PBXGroup;
			children = (
				30BECBE91C6EA02800B8A088 /* Main.storyboard */,
				3099CB6E1C70D69D000CEDE2 /* Auth.storyboard */,
				30BECBCF1C6E9FF200B8A088 /* LaunchScreen.storyboard */,
			);
			name = Storyboards;
			sourceTree = "<group>";
		};
		30BECC0C1C6F93AF00B8A088 /* Add-ons */ = {
			isa = PBXGroup;
			children = (
				307265391C72B95900D2AF61 /* CountryPicker */,
				30BECC041C6F92C200B8A088 /* StarButton */,
			);
			name = "Add-ons";
			sourceTree = "<group>";
		};
		30D7B72F1C77880200B64B7F /* Signup */ = {
			isa = PBXGroup;
			children = (
				30B9E7DA1C7BC9FB00C04530 /* SignupViewControllerZero.swift */,
				30D7B7301C77883500B64B7F /* SignupViewControllerOne.swift */,
				30D7B7341C78F96500B64B7F /* SignupViewControllerTwo.swift */,
				30B9E7CE1C7B52F100C04530 /* SignupViewControllerThree.swift */,
				307C6A1F1C7D40A500723E39 /* SignupViewControllerFour.swift */,
			);
			name = Signup;
			sourceTree = "<group>";
		};
		30FB54011C6A58B40004A538 = {
			isa = PBXGroup;
			children = (
				30FB54411C6ABF6A0004A538 /* ObjC-Bridging-Header.h */,
				30FB540C1C6A58B40004A538 /* paykloud-ios */,
				30FB54211C6A58B40004A538 /* paykloud-iosTests */,
				30FB542C1C6A58B50004A538 /* paykloud-iosUITests */,
				30FB540B1C6A58B40004A538 /* Products */,
				725FEE2455E80C94BBA37597 /* Pods */,
				8B9765A98BF669E54968EFD0 /* Frameworks */,
			);
			sourceTree = "<group>";
		};
		30FB540B1C6A58B40004A538 /* Products */ = {
			isa = PBXGroup;
			children = (
				30FB540A1C6A58B40004A538 /* PayKloud.app */,
				30FB541E1C6A58B40004A538 /* paykloud-iosTests.xctest */,
				30FB54291C6A58B40004A538 /* paykloud-iosTests.xctest */,
			);
			name = Products;
			sourceTree = "<group>";
		};
		30FB540C1C6A58B40004A538 /* paykloud-ios */ = {
			isa = PBXGroup;
			children = (
				30852D781C6E9ADF00CDCAA2 /* PayKloud.entitlements */,
				30BECBCC1C6E9FF200B8A088 /* AppDelegate.swift */,
				306D6DB11C7008D200467C41 /* Resources */,
				30BECC081C6F934A00B8A088 /* Root */,
				30BECC061C6F92EF00B8A088 /* Auth */,
				30BECC071C6F932400B8A088 /* Main */,
				30BECC091C6F935200B8A088 /* Nav */,
				30BECC0C1C6F93AF00B8A088 /* Add-ons */,
				30BECC0B1C6F939800B8A088 /* Storyboards */,
				3064E8A71C74D06D0073E00B /* xib */,
				30BECC0A1C6F936E00B8A088 /* Modules */,
				30BECBE81C6EA00F00B8A088 /* Info.plist */,
				30BECBFE1C6EA6EC00B8A088 /* Assets.xcassets */,
			);
			name = "paykloud-ios";
			path = "timekloud-ios";
			sourceTree = "<group>";
		};
		30FB54211C6A58B40004A538 /* paykloud-iosTests */ = {
			isa = PBXGroup;
			children = (
				30BECBF81C6EA5C600B8A088 /* paykloud_iosTests.swift */,
				30BECBEE1C6EA07200B8A088 /* Info.plist */,
			);
			name = "paykloud-iosTests";
			path = "timekloud-iosTests";
			sourceTree = "<group>";
		};
		30FB542C1C6A58B50004A538 /* paykloud-iosUITests */ = {
			isa = PBXGroup;
			children = (
				30BECBFA1C6EA5D100B8A088 /* paykloud_iosTests.swift */,
				30BECBF11C6EA08500B8A088 /* Info.plist */,
			);
			name = "paykloud-iosUITests";
			path = "timekloud-iosUITests";
			sourceTree = "<group>";
		};
		725FEE2455E80C94BBA37597 /* Pods */ = {
			isa = PBXGroup;
			children = (
				72852BFA7077A9B4E42196D9 /* Pods.debug.xcconfig */,
				E0548BB1437D038D9B3DF873 /* Pods.release.xcconfig */,
			);
			name = Pods;
			sourceTree = "<group>";
		};
		8B9765A98BF669E54968EFD0 /* Frameworks */ = {
			isa = PBXGroup;
			children = (
				307C6A231C7E91AA00723E39 /* PassKit.framework */,
				307C6A211C7E91A100723E39 /* StoreKit.framework */,
				A1AC01881780C6537201E7C5 /* Pods.framework */,
			);
			name = Frameworks;
			sourceTree = "<group>";
		};
/* End PBXGroup section */

/* Begin PBXNativeTarget section */
		30FB54091C6A58B40004A538 /* paykloud-ios */ = {
			isa = PBXNativeTarget;
			buildConfigurationList = 30FB54321C6A58B50004A538 /* Build configuration list for PBXNativeTarget "paykloud-ios" */;
			buildPhases = (
				12CCEAF27A81A4F36AB2087C /* Check Pods Manifest.lock */,
				30FB54061C6A58B40004A538 /* Sources */,
				30FB54071C6A58B40004A538 /* Frameworks */,
				30FB54081C6A58B40004A538 /* Resources */,
				1B628A2396EE3DB44E45FD78 /* Embed Pods Frameworks */,
				545614C87EF7766B953CD8F4 /* Copy Pods Resources */,
			);
			buildRules = (
			);
			dependencies = (
			);
			name = "paykloud-ios";
			productName = "timekloud-ios";
			productReference = 30FB540A1C6A58B40004A538 /* PayKloud.app */;
			productType = "com.apple.product-type.application";
		};
		30FB541D1C6A58B40004A538 /* paykloud-iosTests */ = {
			isa = PBXNativeTarget;
			buildConfigurationList = 30FB54351C6A58B50004A538 /* Build configuration list for PBXNativeTarget "paykloud-iosTests" */;
			buildPhases = (
				30FB541A1C6A58B40004A538 /* Sources */,
				30FB541B1C6A58B40004A538 /* Frameworks */,
				30FB541C1C6A58B40004A538 /* Resources */,
			);
			buildRules = (
			);
			dependencies = (
				30FB54201C6A58B40004A538 /* PBXTargetDependency */,
			);
			name = "paykloud-iosTests";
			productName = "timekloud-iosTests";
			productReference = 30FB541E1C6A58B40004A538 /* paykloud-iosTests.xctest */;
			productType = "com.apple.product-type.bundle.unit-test";
		};
		30FB54281C6A58B40004A538 /* paykloud-iosUITests */ = {
			isa = PBXNativeTarget;
			buildConfigurationList = 30FB54381C6A58B50004A538 /* Build configuration list for PBXNativeTarget "paykloud-iosUITests" */;
			buildPhases = (
				30FB54251C6A58B40004A538 /* Sources */,
				30FB54261C6A58B40004A538 /* Frameworks */,
				30FB54271C6A58B40004A538 /* Resources */,
			);
			buildRules = (
			);
			dependencies = (
				30FB542B1C6A58B40004A538 /* PBXTargetDependency */,
			);
			name = "paykloud-iosUITests";
			productName = "timekloud-iosUITests";
			productReference = 30FB54291C6A58B40004A538 /* paykloud-iosTests.xctest */;
			productType = "com.apple.product-type.bundle.ui-testing";
		};
/* End PBXNativeTarget section */

/* Begin PBXProject section */
		30FB54021C6A58B40004A538 /* Project object */ = {
			isa = PBXProject;
			attributes = {
				LastSwiftUpdateCheck = 0720;
				LastUpgradeCheck = 0720;
				ORGANIZATIONNAME = "Sinan Ulkuatam";
				TargetAttributes = {
					30FB54091C6A58B40004A538 = {
						CreatedOnToolsVersion = 7.2;
						DevelopmentTeam = 95ZGR52Q89;
						SystemCapabilities = {
							com.apple.InAppPurchase = {
								enabled = 1;
							};
							com.apple.OMC = {
								enabled = 1;
							};
							com.apple.Push = {
								enabled = 1;
							};
							com.apple.Wallet = {
								enabled = 1;
							};
						};
					};
					30FB541D1C6A58B40004A538 = {
						CreatedOnToolsVersion = 7.2;
					};
					30FB54281C6A58B40004A538 = {
						CreatedOnToolsVersion = 7.2;
						TestTargetID = 30FB54091C6A58B40004A538;
					};
				};
			};
			buildConfigurationList = 30FB54051C6A58B40004A538 /* Build configuration list for PBXProject "paykloud-ios" */;
			compatibilityVersion = "Xcode 3.2";
			developmentRegion = English;
			hasScannedForEncodings = 0;
			knownRegions = (
				en,
				Base,
			);
			mainGroup = 30FB54011C6A58B40004A538;
			productRefGroup = 30FB540B1C6A58B40004A538 /* Products */;
			projectDirPath = "";
			projectRoot = "";
			targets = (
				30FB54091C6A58B40004A538 /* paykloud-ios */,
				30FB541D1C6A58B40004A538 /* paykloud-iosTests */,
				30FB54281C6A58B40004A538 /* paykloud-iosUITests */,
			);
		};
/* End PBXProject section */

/* Begin PBXResourcesBuildPhase section */
		30FB54081C6A58B40004A538 /* Resources */ = {
			isa = PBXResourcesBuildPhase;
			buildActionMask = 2147483647;
			files = (
				30BECBFF1C6EA6EC00B8A088 /* Assets.xcassets in Resources */,
				30B9E7D91C7B928100C04530 /* CountryView.xib in Resources */,
				30BECBDD1C6E9FF200B8A088 /* LaunchScreen.storyboard in Resources */,
				3099CB6F1C70D69D000CEDE2 /* Auth.storyboard in Resources */,
				3067D9F71C7F766D00C1418E /* KolodaCustomOverlayView.xib in Resources */,
				3067D9FB1C7F7B6800C1418E /* OverlayView.xib in Resources */,
				30BECBEB1C6EA02800B8A088 /* Main.storyboard in Resources */,
				306D6DC11C7008DA00467C41 /* Nunito-Regular.ttf in Resources */,
				306D6DBE1C7008DA00467C41 /* Nunito-ExtraLight.ttf in Resources */,
				306D6DBC1C7008DA00467C41 /* Nunito-Bold.ttf in Resources */,
				30975C671C7040E300D2BDAA /* nyc.mp4 in Resources */,
				306D6DC21C7008DA00467C41 /* Nunito-SemiBold.ttf in Resources */,
				306D6DBD1C7008DA00467C41 /* Nunito-ExtraBold.ttf in Resources */,
				306D6DBF1C7008DA00467C41 /* Nunito-Light.ttf in Resources */,
				306D6DBB1C7008DA00467C41 /* Nunito-Black.ttf in Resources */,
				306D6DC01C7008DA00467C41 /* Nunito-Medium.ttf in Resources */,
			);
			runOnlyForDeploymentPostprocessing = 0;
		};
		30FB541C1C6A58B40004A538 /* Resources */ = {
			isa = PBXResourcesBuildPhase;
			buildActionMask = 2147483647;
			files = (
			);
			runOnlyForDeploymentPostprocessing = 0;
		};
		30FB54271C6A58B40004A538 /* Resources */ = {
			isa = PBXResourcesBuildPhase;
			buildActionMask = 2147483647;
			files = (
			);
			runOnlyForDeploymentPostprocessing = 0;
		};
/* End PBXResourcesBuildPhase section */

/* Begin PBXShellScriptBuildPhase section */
		12CCEAF27A81A4F36AB2087C /* Check Pods Manifest.lock */ = {
			isa = PBXShellScriptBuildPhase;
			buildActionMask = 2147483647;
			files = (
			);
			inputPaths = (
			);
			name = "Check Pods Manifest.lock";
			outputPaths = (
			);
			runOnlyForDeploymentPostprocessing = 0;
			shellPath = /bin/sh;
			shellScript = "diff \"${PODS_ROOT}/../Podfile.lock\" \"${PODS_ROOT}/Manifest.lock\" > /dev/null\nif [[ $? != 0 ]] ; then\n    cat << EOM\nerror: The sandbox is not in sync with the Podfile.lock. Run 'pod install' or update your CocoaPods installation.\nEOM\n    exit 1\nfi\n";
			showEnvVarsInLog = 0;
		};
		1B628A2396EE3DB44E45FD78 /* Embed Pods Frameworks */ = {
			isa = PBXShellScriptBuildPhase;
			buildActionMask = 2147483647;
			files = (
			);
			inputPaths = (
			);
			name = "Embed Pods Frameworks";
			outputPaths = (
			);
			runOnlyForDeploymentPostprocessing = 0;
			shellPath = /bin/sh;
			shellScript = "\"${SRCROOT}/Pods/Target Support Files/Pods/Pods-frameworks.sh\"\n";
			showEnvVarsInLog = 0;
		};
		545614C87EF7766B953CD8F4 /* Copy Pods Resources */ = {
			isa = PBXShellScriptBuildPhase;
			buildActionMask = 2147483647;
			files = (
			);
			inputPaths = (
			);
			name = "Copy Pods Resources";
			outputPaths = (
			);
			runOnlyForDeploymentPostprocessing = 0;
			shellPath = /bin/sh;
			shellScript = "\"${SRCROOT}/Pods/Target Support Files/Pods/Pods-resources.sh\"\n";
			showEnvVarsInLog = 0;
		};
/* End PBXShellScriptBuildPhase section */

/* Begin PBXSourcesBuildPhase section */
		30FB54061C6A58B40004A538 /* Sources */ = {
			isa = PBXSourcesBuildPhase;
			buildActionMask = 2147483647;
			files = (
				30D7B7331C77884600B64B7F /* AuthViewController.swift in Sources */,
				30D7B7351C78F96500B64B7F /* SignupViewControllerTwo.swift in Sources */,
				3064E8A61C742A110073E00B /* UserDefaultsPasscodeRepository.swift in Sources */,
				30BECBE01C6E9FF200B8A088 /* Logs.swift in Sources */,
				3067D9F11C7F716E00C1418E /* KolodaOverlayView.swift in Sources */,
				30BECC031C6F778B00B8A088 /* Gravatar.swift in Sources */,
				30B9E7D71C7B928100C04530 /* CountryPicker.swift in Sources */,
				3067D9F01C7F716E00C1418E /* KolodaCustomView.swift in Sources */,
				3064E8A51C742A110073E00B /* PasscodeSettingsViewController.swift in Sources */,
				30BECBDC1C6E9FF200B8A088 /* HomeViewController.swift in Sources */,
				30B9E7CF1C7B52F100C04530 /* SignupViewControllerThree.swift in Sources */,
				30BECBE31C6E9FF200B8A088 /* PaymentViewController.swift in Sources */,
				30BECBDE1C6E9FF200B8A088 /* LeftMenuViewController.swift in Sources */,
				3072653B1C72D88F00D2AF61 /* PresentedTableViewController.swift in Sources */,
				30BECBE71C6E9FF200B8A088 /* StarButton.swift in Sources */,
				30BECBE11C6E9FF200B8A088 /* Paths.swift in Sources */,
				30BECBE51C6E9FF200B8A088 /* SettingsViewController.swift in Sources */,
				30B9E7CD1C7B519200C04530 /* Timeout.swift in Sources */,
				30BECBDA1C6E9FF200B8A088 /* AppDelegate.swift in Sources */,
				307C6A261C7F62B000723E39 /* SlidesViewController.swift in Sources */,
				3067D9E91C7F705E00C1418E /* KolodaBackgroundAnimationViewController.swift in Sources */,
				30B9E7DB1C7BC9FB00C04530 /* SignupViewControllerZero.swift in Sources */,
				30B9E7D81C7B928100C04530 /* CountryView.swift in Sources */,
				30D7B7311C77883500B64B7F /* SignupViewControllerOne.swift in Sources */,
				30BECBDF1C6E9FF200B8A088 /* LoginViewController.swift in Sources */,
				307C6A201C7D40A500723E39 /* SignupViewControllerFour.swift in Sources */,
				30BECBE41C6E9FF200B8A088 /* RootViewController.swift in Sources */,
				3064E8A41C742A110073E00B /* PasscodeLockConfiguration.swift in Sources */,
				3072653D1C73B63200D2AF61 /* TermsViewController.swift in Sources */,
				30BECC011C6F71B500B8A088 /* ProfileViewController.swift in Sources */,
				30BECBDB1C6E9FF200B8A088 /* Extensions.swift in Sources */,
				30B9E7DD1C7C9B0F00C04530 /* ResetPasswordViewController.swift in Sources */,
			);
			runOnlyForDeploymentPostprocessing = 0;
		};
		30FB541A1C6A58B40004A538 /* Sources */ = {
			isa = PBXSourcesBuildPhase;
			buildActionMask = 2147483647;
			files = (
				30BECBF91C6EA5C600B8A088 /* paykloud_iosTests.swift in Sources */,
			);
			runOnlyForDeploymentPostprocessing = 0;
		};
		30FB54251C6A58B40004A538 /* Sources */ = {
			isa = PBXSourcesBuildPhase;
			buildActionMask = 2147483647;
			files = (
				30BECBFB1C6EA5D100B8A088 /* paykloud_iosTests.swift in Sources */,
			);
			runOnlyForDeploymentPostprocessing = 0;
		};
/* End PBXSourcesBuildPhase section */

/* Begin PBXTargetDependency section */
		30FB54201C6A58B40004A538 /* PBXTargetDependency */ = {
			isa = PBXTargetDependency;
			target = 30FB54091C6A58B40004A538 /* paykloud-ios */;
			targetProxy = 30FB541F1C6A58B40004A538 /* PBXContainerItemProxy */;
		};
		30FB542B1C6A58B40004A538 /* PBXTargetDependency */ = {
			isa = PBXTargetDependency;
			target = 30FB54091C6A58B40004A538 /* paykloud-ios */;
			targetProxy = 30FB542A1C6A58B40004A538 /* PBXContainerItemProxy */;
		};
/* End PBXTargetDependency section */

/* Begin PBXVariantGroup section */
		30BECBE91C6EA02800B8A088 /* Main.storyboard */ = {
			isa = PBXVariantGroup;
			children = (
				30BECBEA1C6EA02800B8A088 /* Base */,
			);
			name = Main.storyboard;
			sourceTree = "<group>";
		};
/* End PBXVariantGroup section */

/* Begin XCBuildConfiguration section */
		30FB54301C6A58B50004A538 /* Debug */ = {
			isa = XCBuildConfiguration;
			buildSettings = {
				ALWAYS_SEARCH_USER_PATHS = NO;
				CLANG_CXX_LANGUAGE_STANDARD = "gnu++0x";
				CLANG_CXX_LIBRARY = "libc++";
				CLANG_ENABLE_MODULES = YES;
				CLANG_ENABLE_OBJC_ARC = YES;
				CLANG_WARN_BOOL_CONVERSION = YES;
				CLANG_WARN_CONSTANT_CONVERSION = YES;
				CLANG_WARN_DIRECT_OBJC_ISA_USAGE = YES_ERROR;
				CLANG_WARN_EMPTY_BODY = YES;
				CLANG_WARN_ENUM_CONVERSION = YES;
				CLANG_WARN_INT_CONVERSION = YES;
				CLANG_WARN_OBJC_ROOT_CLASS = YES_ERROR;
				CLANG_WARN_UNREACHABLE_CODE = YES;
				CLANG_WARN__DUPLICATE_METHOD_MATCH = YES;
				"CODE_SIGN_IDENTITY[sdk=iphoneos*]" = "iPhone Developer";
				COPY_PHASE_STRIP = NO;
				DEBUG_INFORMATION_FORMAT = dwarf;
				ENABLE_STRICT_OBJC_MSGSEND = YES;
				ENABLE_TESTABILITY = YES;
				GCC_C_LANGUAGE_STANDARD = gnu99;
				GCC_DYNAMIC_NO_PIC = NO;
				GCC_NO_COMMON_BLOCKS = YES;
				GCC_OPTIMIZATION_LEVEL = 0;
				GCC_PREPROCESSOR_DEFINITIONS = (
					"DEBUG=1",
					"$(inherited)",
				);
				GCC_WARN_64_TO_32_BIT_CONVERSION = YES;
				GCC_WARN_ABOUT_RETURN_TYPE = YES_ERROR;
				GCC_WARN_UNDECLARED_SELECTOR = YES;
				GCC_WARN_UNINITIALIZED_AUTOS = YES_AGGRESSIVE;
				GCC_WARN_UNUSED_FUNCTION = YES;
				GCC_WARN_UNUSED_VARIABLE = YES;
				IPHONEOS_DEPLOYMENT_TARGET = 9.2;
				MTL_ENABLE_DEBUG_INFO = YES;
				ONLY_ACTIVE_ARCH = YES;
				PRODUCT_NAME = PayKloud;
				SDKROOT = iphoneos;
				SWIFT_OBJC_BRIDGING_HEADER = "ObjC-Bridging-Header.h";
				SWIFT_OPTIMIZATION_LEVEL = "-Onone";
				TARGETED_DEVICE_FAMILY = "1,2";
			};
			name = Debug;
		};
		30FB54311C6A58B50004A538 /* Release */ = {
			isa = XCBuildConfiguration;
			buildSettings = {
				ALWAYS_SEARCH_USER_PATHS = NO;
				CLANG_CXX_LANGUAGE_STANDARD = "gnu++0x";
				CLANG_CXX_LIBRARY = "libc++";
				CLANG_ENABLE_MODULES = YES;
				CLANG_ENABLE_OBJC_ARC = YES;
				CLANG_WARN_BOOL_CONVERSION = YES;
				CLANG_WARN_CONSTANT_CONVERSION = YES;
				CLANG_WARN_DIRECT_OBJC_ISA_USAGE = YES_ERROR;
				CLANG_WARN_EMPTY_BODY = YES;
				CLANG_WARN_ENUM_CONVERSION = YES;
				CLANG_WARN_INT_CONVERSION = YES;
				CLANG_WARN_OBJC_ROOT_CLASS = YES_ERROR;
				CLANG_WARN_UNREACHABLE_CODE = YES;
				CLANG_WARN__DUPLICATE_METHOD_MATCH = YES;
				"CODE_SIGN_IDENTITY[sdk=iphoneos*]" = "iPhone Developer";
				COPY_PHASE_STRIP = NO;
				DEBUG_INFORMATION_FORMAT = "dwarf-with-dsym";
				ENABLE_NS_ASSERTIONS = NO;
				ENABLE_STRICT_OBJC_MSGSEND = YES;
				GCC_C_LANGUAGE_STANDARD = gnu99;
				GCC_NO_COMMON_BLOCKS = YES;
				GCC_WARN_64_TO_32_BIT_CONVERSION = YES;
				GCC_WARN_ABOUT_RETURN_TYPE = YES_ERROR;
				GCC_WARN_UNDECLARED_SELECTOR = YES;
				GCC_WARN_UNINITIALIZED_AUTOS = YES_AGGRESSIVE;
				GCC_WARN_UNUSED_FUNCTION = YES;
				GCC_WARN_UNUSED_VARIABLE = YES;
				IPHONEOS_DEPLOYMENT_TARGET = 9.2;
				MTL_ENABLE_DEBUG_INFO = NO;
				PRODUCT_NAME = PayKloud;
				SDKROOT = iphoneos;
				SWIFT_OBJC_BRIDGING_HEADER = "ObjC-Bridging-Header.h";
				TARGETED_DEVICE_FAMILY = "1,2";
				VALIDATE_PRODUCT = YES;
			};
			name = Release;
		};
		30FB54331C6A58B50004A538 /* Debug */ = {
			isa = XCBuildConfiguration;
			baseConfigurationReference = 72852BFA7077A9B4E42196D9 /* Pods.debug.xcconfig */;
			buildSettings = {
				ASSETCATALOG_COMPILER_APPICON_NAME = AppIcon;
				CODE_SIGN_ENTITLEMENTS = "paykloud-ios/PayKloud.entitlements";
				CODE_SIGN_IDENTITY = "iPhone Developer";
				"CODE_SIGN_IDENTITY[sdk=iphoneos*]" = "iPhone Developer";
				INFOPLIST_FILE = "paykloud-ios/Info.plist";
				LD_RUNPATH_SEARCH_PATHS = "$(inherited) @executable_path/Frameworks";
				PRODUCT_BUNDLE_IDENTIFIER = "com.paykloud.paykloud-ios";
				PRODUCT_NAME = PayKloud;
				PROVISIONING_PROFILE = "";
			};
			name = Debug;
		};
		30FB54341C6A58B50004A538 /* Release */ = {
			isa = XCBuildConfiguration;
			baseConfigurationReference = E0548BB1437D038D9B3DF873 /* Pods.release.xcconfig */;
			buildSettings = {
				ASSETCATALOG_COMPILER_APPICON_NAME = AppIcon;
				CODE_SIGN_ENTITLEMENTS = "paykloud-ios/PayKloud.entitlements";
				CODE_SIGN_IDENTITY = "iPhone Developer";
				"CODE_SIGN_IDENTITY[sdk=iphoneos*]" = "iPhone Developer";
				INFOPLIST_FILE = "paykloud-ios/Info.plist";
				LD_RUNPATH_SEARCH_PATHS = "$(inherited) @executable_path/Frameworks";
				PRODUCT_BUNDLE_IDENTIFIER = "com.paykloud.paykloud-ios";
				PRODUCT_NAME = PayKloud;
				PROVISIONING_PROFILE = "";
			};
			name = Release;
		};
		30FB54361C6A58B50004A538 /* Debug */ = {
			isa = XCBuildConfiguration;
			buildSettings = {
				CLANG_ENABLE_MODULES = YES;
				INFOPLIST_FILE = "paykloud-iosTests/Info.plist";
				LD_RUNPATH_SEARCH_PATHS = "$(inherited) @executable_path/Frameworks @loader_path/Frameworks";
				PRODUCT_BUNDLE_IDENTIFIER = "com.paykloud.paykloud-iosTests";
				PRODUCT_NAME = "paykloud-iosTests";
				SWIFT_OPTIMIZATION_LEVEL = "-Onone";
			};
			name = Debug;
		};
		30FB54371C6A58B50004A538 /* Release */ = {
			isa = XCBuildConfiguration;
			buildSettings = {
				CLANG_ENABLE_MODULES = YES;
				INFOPLIST_FILE = "paykloud-iosTests/Info.plist";
				LD_RUNPATH_SEARCH_PATHS = "$(inherited) @executable_path/Frameworks @loader_path/Frameworks";
				PRODUCT_BUNDLE_IDENTIFIER = "com.paykloud.paykloud-iosTests";
				PRODUCT_NAME = "paykloud-iosTests";
			};
			name = Release;
		};
		30FB54391C6A58B50004A538 /* Debug */ = {
			isa = XCBuildConfiguration;
			buildSettings = {
				CLANG_ENABLE_MODULES = YES;
				INFOPLIST_FILE = "paykloud-iosUITests/Info.plist";
				LD_RUNPATH_SEARCH_PATHS = "$(inherited) @executable_path/Frameworks @loader_path/Frameworks";
				PRODUCT_BUNDLE_IDENTIFIER = "com.paykloud.paykloud-iosUITests";
				PRODUCT_NAME = "paykloud-iosTests";
				SWIFT_OPTIMIZATION_LEVEL = "-Onone";
				TEST_TARGET_NAME = "paykloud-ios";
				USES_XCTRUNNER = YES;
			};
			name = Debug;
		};
		30FB543A1C6A58B50004A538 /* Release */ = {
			isa = XCBuildConfiguration;
			buildSettings = {
				CLANG_ENABLE_MODULES = YES;
				INFOPLIST_FILE = "paykloud-iosUITests/Info.plist";
				LD_RUNPATH_SEARCH_PATHS = "$(inherited) @executable_path/Frameworks @loader_path/Frameworks";
				PRODUCT_BUNDLE_IDENTIFIER = "com.paykloud.paykloud-iosUITests";
				PRODUCT_NAME = "paykloud-iosTests";
				TEST_TARGET_NAME = "paykloud-ios";
				USES_XCTRUNNER = YES;
			};
			name = Release;
		};
/* End XCBuildConfiguration section */

/* Begin XCConfigurationList section */
		30FB54051C6A58B40004A538 /* Build configuration list for PBXProject "paykloud-ios" */ = {
			isa = XCConfigurationList;
			buildConfigurations = (
				30FB54301C6A58B50004A538 /* Debug */,
				30FB54311C6A58B50004A538 /* Release */,
			);
			defaultConfigurationIsVisible = 0;
			defaultConfigurationName = Release;
		};
		30FB54321C6A58B50004A538 /* Build configuration list for PBXNativeTarget "paykloud-ios" */ = {
			isa = XCConfigurationList;
			buildConfigurations = (
				30FB54331C6A58B50004A538 /* Debug */,
				30FB54341C6A58B50004A538 /* Release */,
			);
			defaultConfigurationIsVisible = 0;
			defaultConfigurationName = Release;
		};
		30FB54351C6A58B50004A538 /* Build configuration list for PBXNativeTarget "paykloud-iosTests" */ = {
			isa = XCConfigurationList;
			buildConfigurations = (
				30FB54361C6A58B50004A538 /* Debug */,
				30FB54371C6A58B50004A538 /* Release */,
			);
			defaultConfigurationIsVisible = 0;
			defaultConfigurationName = Release;
		};
		30FB54381C6A58B50004A538 /* Build configuration list for PBXNativeTarget "paykloud-iosUITests" */ = {
			isa = XCConfigurationList;
			buildConfigurations = (
				30FB54391C6A58B50004A538 /* Debug */,
				30FB543A1C6A58B50004A538 /* Release */,
			);
			defaultConfigurationIsVisible = 0;
			defaultConfigurationName = Release;
		};
/* End XCConfigurationList section */
	};
	rootObject = 30FB54021C6A58B40004A538 /* Project object */;
}
